
Microsoft Visual Studio Solution File, Format Version 12.00
# Visual Studio Version 16
VisualStudioVersion = 16.0.31019.35
MinimumVisualStudioVersion = 10.0.40219.1
Project("{FAE04EC0-301F-11D3-BF4B-00C04F79EFBC}") = "firstmobileapp", "firstmobileapp\firstmobileapp.csproj", "{FD8247B8-D6C9-42D7-B595-2BC86CBC3948}"
EndProject
Global
	GlobalSection(SolutionConfigurationPlatforms) = preSolution
		Debug|Any CPU = Debug|Any CPU
		Release|Any CPU = Release|Any CPU
	EndGlobalSection
	GlobalSection(ProjectConfigurationPlatforms) = postSolution
		{FD8247B8-D6C9-42D7-B595-2BC86CBC3948}.Debug|Any CPU.ActiveCfg = Debug|Any CPU
		{FD8247B8-D6C9-42D7-B595-2BC86CBC3948}.Debug|Any CPU.Build.0 = Debug|Any CPU
		{FD8247B8-D6C9-42D7-B595-2BC86CBC3948}.Debug|Any CPU.Deploy.0 = Debug|Any CPU
		{FD8247B8-D6C9-42D7-B595-2BC86CBC3948}.Release|Any CPU.ActiveCfg = Release|Any CPU
		{FD8247B8-D6C9-42D7-B595-2BC86CBC3948}.Release|Any CPU.Build.0 = Release|Any CPU
		{FD8247B8-D6C9-42D7-B595-2BC86CBC3948}.Release|Any CPU.Deploy.0 = Release|Any CPU
	EndGlobalSection
	GlobalSection(SolutionProperties) = preSolution
		HideSolutionNode = FALSE
	EndGlobalSection
	GlobalSection(ExtensibilityGlobals) = postSolution
		SolutionGuid = {FF243AC5-8042-428B-BB7A-B2963CD74310}
	EndGlobalSection
EndGlobal
